// !$*UTF8*$!
{
	archiveVersion = 1;
	classes = {
	};
	objectVersion = 55;
	objects = {

/* Begin PBXBuildFile section */
		F5EF1A52287B308A007F7ABD /* AppDelegate.swift in Sources */ = {isa = PBXBuildFile; fileRef = F5EF1A51287B308A007F7ABD /* AppDelegate.swift */; };
		F5EF1A54287B308A007F7ABD /* SceneDelegate.swift in Sources */ = {isa = PBXBuildFile; fileRef = F5EF1A53287B308A007F7ABD /* SceneDelegate.swift */; };
		F5EF1A56287B308A007F7ABD /* ViewController.swift in Sources */ = {isa = PBXBuildFile; fileRef = F5EF1A55287B308A007F7ABD /* ViewController.swift */; };
		F5EF1A59287B308A007F7ABD /* Main.storyboard in Resources */ = {isa = PBXBuildFile; fileRef = F5EF1A57287B308A007F7ABD /* Main.storyboard */; };
		F5EF1A5B287B308B007F7ABD /* Assets.xcassets in Resources */ = {isa = PBXBuildFile; fileRef = F5EF1A5A287B308B007F7ABD /* Assets.xcassets */; };
		F5EF1A5E287B308B007F7ABD /* LaunchScreen.storyboard in Resources */ = {isa = PBXBuildFile; fileRef = F5EF1A5C287B308B007F7ABD /* LaunchScreen.storyboard */; };
		F5EF1A69287B308B007F7ABD /* QuizzlerTests.swift in Sources */ = {isa = PBXBuildFile; fileRef = F5EF1A68287B308B007F7ABD /* QuizzlerTests.swift */; };
		F5EF1A73287B308B007F7ABD /* QuizzlerUITests.swift in Sources */ = {isa = PBXBuildFile; fileRef = F5EF1A72287B308B007F7ABD /* QuizzlerUITests.swift */; };
		F5EF1A75287B308B007F7ABD /* QuizzlerUITestsLaunchTests.swift in Sources */ = {isa = PBXBuildFile; fileRef = F5EF1A74287B308B007F7ABD /* QuizzlerUITestsLaunchTests.swift */; };
/* End PBXBuildFile section */

/* Begin PBXContainerItemProxy section */
		F5EF1A65287B308B007F7ABD /* PBXContainerItemProxy */ = {
			isa = PBXContainerItemProxy;
			containerPortal = F5EF1A46287B308A007F7ABD /* Project object */;
			proxyType = 1;
			remoteGlobalIDString = F5EF1A4D287B308A007F7ABD;
			remoteInfo = Quizzler;
		};
		F5EF1A6F287B308B007F7ABD /* PBXContainerItemProxy */ = {
			isa = PBXContainerItemProxy;
			containerPortal = F5EF1A46287B308A007F7ABD /* Project object */;
			proxyType = 1;
			remoteGlobalIDString = F5EF1A4D287B308A007F7ABD;
			remoteInfo = Quizzler;
		};
/* End PBXContainerItemProxy section */

/* Begin PBXFileReference section */
		F5EF1A4E287B308A007F7ABD /* Quizzler.app */ = {isa = PBXFileReference; explicitFileType = wrapper.application; includeInIndex = 0; path = Quizzler.app; sourceTree = BUILT_PRODUCTS_DIR; };
		F5EF1A51287B308A007F7ABD /* AppDelegate.swift */ = {isa = PBXFileReference; lastKnownFileType = sourcecode.swift; path = AppDelegate.swift; sourceTree = "<group>"; };
		F5EF1A53287B308A007F7ABD /* SceneDelegate.swift */ = {isa = PBXFileReference; lastKnownFileType = sourcecode.swift; path = SceneDelegate.swift; sourceTree = "<group>"; };
		F5EF1A55287B308A007F7ABD /* ViewController.swift */ = {isa = PBXFileReference; lastKnownFileType = sourcecode.swift; path = ViewController.swift; sourceTree = "<group>"; };
		F5EF1A58287B308A007F7ABD /* Base */ = {isa = PBXFileReference; lastKnownFileType = file.storyboard; name = Base; path = Base.lproj/Main.storyboard; sourceTree = "<group>"; };
		F5EF1A5A287B308B007F7ABD /* Assets.xcassets */ = {isa = PBXFileReference; lastKnownFileType = folder.assetcatalog; path = Assets.xcassets; sourceTree = "<group>"; };
		F5EF1A5D287B308B007F7ABD /* Base */ = {isa = PBXFileReference; lastKnownFileType = file.storyboard; name = Base; path = Base.lproj/LaunchScreen.storyboard; sourceTree = "<group>"; };
		F5EF1A5F287B308B007F7ABD /* Info.plist */ = {isa = PBXFileReference; lastKnownFileType = text.plist.xml; path = Info.plist; sourceTree = "<group>"; };
		F5EF1A64287B308B007F7ABD /* QuizzlerTests.xctest */ = {isa = PBXFileReference; explicitFileType = wrapper.cfbundle; includeInIndex = 0; path = QuizzlerTests.xctest; sourceTree = BUILT_PRODUCTS_DIR; };
		F5EF1A68287B308B007F7ABD /* QuizzlerTests.swift */ = {isa = PBXFileReference; lastKnownFileType = sourcecode.swift; path = QuizzlerTests.swift; sourceTree = "<group>"; };
		F5EF1A6E287B308B007F7ABD /* QuizzlerUITests.xctest */ = {isa = PBXFileReference; explicitFileType = wrapper.cfbundle; includeInIndex = 0; path = QuizzlerUITests.xctest; sourceTree = BUILT_PRODUCTS_DIR; };
		F5EF1A72287B308B007F7ABD /* QuizzlerUITests.swift */ = {isa = PBXFileReference; lastKnownFileType = sourcecode.swift; path = QuizzlerUITests.swift; sourceTree = "<group>"; };
		F5EF1A74287B308B007F7ABD /* QuizzlerUITestsLaunchTests.swift */ = {isa = PBXFileReference; lastKnownFileType = sourcecode.swift; path = QuizzlerUITestsLaunchTests.swift; sourceTree = "<group>"; };
/* End PBXFileReference section */

/* Begin PBXFrameworksBuildPhase section */
		F5EF1A4B287B308A007F7ABD /* Frameworks */ = {
			isa = PBXFrameworksBuildPhase;
			buildActionMask = 2147483647;
			files = (
			);
			runOnlyForDeploymentPostprocessing = 0;
		};
		F5EF1A61287B308B007F7ABD /* Frameworks */ = {
			isa = PBXFrameworksBuildPhase;
			buildActionMask = 2147483647;
			files = (
			);
			runOnlyForDeploymentPostprocessing = 0;
		};
		F5EF1A6B287B308B007F7ABD /* Frameworks */ = {
			isa = PBXFrameworksBuildPhase;
			buildActionMask = 2147483647;
			files = (
			);
			runOnlyForDeploymentPostprocessing = 0;
		};
/* End PBXFrameworksBuildPhase section */

/* Begin PBXGroup section */
		F5EF1A45287B308A007F7ABD = {
			isa = PBXGroup;
			children = (
				F5EF1A50287B308A007F7ABD /* Quizzler */,
				F5EF1A67287B308B007F7ABD /* QuizzlerTests */,
				F5EF1A71287B308B007F7ABD /* QuizzlerUITests */,
				F5EF1A4F287B308A007F7ABD /* Products */,
			);
			sourceTree = "<group>";
		};
		F5EF1A4F287B308A007F7ABD /* Products */ = {
			isa = PBXGroup;
			children = (
				F5EF1A4E287B308A007F7ABD /* Quizzler.app */,
				F5EF1A64287B308B007F7ABD /* QuizzlerTests.xctest */,
				F5EF1A6E287B308B007F7ABD /* QuizzlerUITests.xctest */,
			);
			name = Products;
			sourceTree = "<group>";
		};
		F5EF1A50287B308A007F7ABD /* Quizzler */ = {
			isa = PBXGroup;
			children = (
				F5EF1A51287B308A007F7ABD /* AppDelegate.swift */,
				F5EF1A53287B308A007F7ABD /* SceneDelegate.swift */,
				F5EF1A55287B308A007F7ABD /* ViewController.swift */,
				F5EF1A57287B308A007F7ABD /* Main.storyboard */,
				F5EF1A5A287B308B007F7ABD /* Assets.xcassets */,
				F5EF1A5C287B308B007F7ABD /* LaunchScreen.storyboard */,
				F5EF1A5F287B308B007F7ABD /* Info.plist */,
			);
			path = Quizzler;
			sourceTree = "<group>";
		};
		F5EF1A67287B308B007F7ABD /* QuizzlerTests */ = {
			isa = PBXGroup;
			children = (
				F5EF1A68287B308B007F7ABD /* QuizzlerTests.swift */,
			);
			path = QuizzlerTests;
			sourceTree = "<group>";
		};
		F5EF1A71287B308B007F7ABD /* QuizzlerUITests */ = {
			isa = PBXGroup;
			children = (
				F5EF1A72287B308B007F7ABD /* QuizzlerUITests.swift */,
				F5EF1A74287B308B007F7ABD /* QuizzlerUITestsLaunchTests.swift */,
			);
			path = QuizzlerUITests;
			sourceTree = "<group>";
		};
/* End PBXGroup section */

/* Begin PBXNativeTarget section */
		F5EF1A4D287B308A007F7ABD /* Quizzler */ = {
			isa = PBXNativeTarget;
			buildConfigurationList = F5EF1A78287B308B007F7ABD /* Build configuration list for PBXNativeTarget "Quizzler" */;
			buildPhases = (
				F5EF1A4A287B308A007F7ABD /* Sources */,
				F5EF1A4B287B308A007F7ABD /* Frameworks */,
				F5EF1A4C287B308A007F7ABD /* Resources */,
			);
			buildRules = (
			);
			dependencies = (
			);
			name = Quizzler;
			productName = Quizzler;
			productReference = F5EF1A4E287B308A007F7ABD /* Quizzler.app */;
			productType = "com.apple.product-type.application";
		};
		F5EF1A63287B308B007F7ABD /* QuizzlerTests */ = {
			isa = PBXNativeTarget;
			buildConfigurationList = F5EF1A7B287B308B007F7ABD /* Build configuration list for PBXNativeTarget "QuizzlerTests" */;
			buildPhases = (
				F5EF1A60287B308B007F7ABD /* Sources */,
				F5EF1A61287B308B007F7ABD /* Frameworks */,
				F5EF1A62287B308B007F7ABD /* Resources */,
			);
			buildRules = (
			);
			dependencies = (
				F5EF1A66287B308B007F7ABD /* PBXTargetDependency */,
			);
			name = QuizzlerTests;
			productName = QuizzlerTests;
			productReference = F5EF1A64287B308B007F7ABD /* QuizzlerTests.xctest */;
			productType = "com.apple.product-type.bundle.unit-test";
		};
		F5EF1A6D287B308B007F7ABD /* QuizzlerUITests */ = {
			isa = PBXNativeTarget;
			buildConfigurationList = F5EF1A7E287B308B007F7ABD /* Build configuration list for PBXNativeTarget "QuizzlerUITests" */;
			buildPhases = (
				F5EF1A6A287B308B007F7ABD /* Sources */,
				F5EF1A6B287B308B007F7ABD /* Frameworks */,
				F5EF1A6C287B308B007F7ABD /* Resources */,
			);
			buildRules = (
			);
			dependencies = (
				F5EF1A70287B308B007F7ABD /* PBXTargetDependency */,
			);
			name = QuizzlerUITests;
			productName = QuizzlerUITests;
			productReference = F5EF1A6E287B308B007F7ABD /* QuizzlerUITests.xctest */;
			productType = "com.apple.product-type.bundle.ui-testing";
		};
/* End PBXNativeTarget section */

/* Begin PBXProject section */
		F5EF1A46287B308A007F7ABD /* Project object */ = {
			isa = PBXProject;
			attributes = {
				BuildIndependentTargetsInParallel = 1;
				LastSwiftUpdateCheck = 1340;
				LastUpgradeCheck = 1340;
				TargetAttributes = {
					F5EF1A4D287B308A007F7ABD = {
						CreatedOnToolsVersion = 13.4.1;
					};
					F5EF1A63287B308B007F7ABD = {
						CreatedOnToolsVersion = 13.4.1;
						TestTargetID = F5EF1A4D287B308A007F7ABD;
					};
					F5EF1A6D287B308B007F7ABD = {
						CreatedOnToolsVersion = 13.4.1;
						TestTargetID = F5EF1A4D287B308A007F7ABD;
					};
				};
			};
			buildConfigurationList = F5EF1A49287B308A007F7ABD /* Build configuration list for PBXProject "Quizzler" */;
			compatibilityVersion = "Xcode 13.0";
			developmentRegion = en;
			hasScannedForEncodings = 0;
			knownRegions = (
				en,
				Base,
			);
			mainGroup = F5EF1A45287B308A007F7ABD;
			productRefGroup = F5EF1A4F287B308A007F7ABD /* Products */;
			projectDirPath = "";
			projectRoot = "";
			targets = (
				F5EF1A4D287B308A007F7ABD /* Quizzler */,
				F5EF1A63287B308B007F7ABD /* QuizzlerTests */,
				F5EF1A6D287B308B007F7ABD /* QuizzlerUITests */,
			);
		};
/* End PBXProject section */

/* Begin PBXResourcesBuildPhase section */
		F5EF1A4C287B308A007F7ABD /* Resources */ = {
			isa = PBXResourcesBuildPhase;
			buildActionMask = 2147483647;
			files = (
				F5EF1A5E287B308B007F7ABD /* LaunchScreen.storyboard in Resources */,
				F5EF1A5B287B308B007F7ABD /* Assets.xcassets in Resources */,
				F5EF1A59287B308A007F7ABD /* Main.storyboard in Resources */,
			);
			runOnlyForDeploymentPostprocessing = 0;
		};
		F5EF1A62287B308B007F7ABD /* Resources */ = {
			isa = PBXResourcesBuildPhase;
			buildActionMask = 2147483647;
			files = (
			);
			runOnlyForDeploymentPostprocessing = 0;
		};
		F5EF1A6C287B308B007F7ABD /* Resources */ = {
			isa = PBXResourcesBuildPhase;
			buildActionMask = 2147483647;
			files = (
			);
			runOnlyForDeploymentPostprocessing = 0;
		};
/* End PBXResourcesBuildPhase section */

/* Begin PBXSourcesBuildPhase section */
		F5EF1A4A287B308A007F7ABD /* Sources */ = {
			isa = PBXSourcesBuildPhase;
			buildActionMask = 2147483647;
			files = (
				F5EF1A56287B308A007F7ABD /* ViewController.swift in Sources */,
				F5EF1A52287B308A007F7ABD /* AppDelegate.swift in Sources */,
				F5EF1A54287B308A007F7ABD /* SceneDelegate.swift in Sources */,
			);
			runOnlyForDeploymentPostprocessing = 0;
		};
		F5EF1A60287B308B007F7ABD /* Sources */ = {
			isa = PBXSourcesBuildPhase;
			buildActionMask = 2147483647;
			files = (
				F5EF1A69287B308B007F7ABD /* QuizzlerTests.swift in Sources */,
			);
			runOnlyForDeploymentPostprocessing = 0;
		};
		F5EF1A6A287B308B007F7ABD /* Sources */ = {
			isa = PBXSourcesBuildPhase;
			buildActionMask = 2147483647;
			files = (
				F5EF1A75287B308B007F7ABD /* QuizzlerUITestsLaunchTests.swift in Sources */,
				F5EF1A73287B308B007F7ABD /* QuizzlerUITests.swift in Sources */,
			);
			runOnlyForDeploymentPostprocessing = 0;
		};
/* End PBXSourcesBuildPhase section */

/* Begin PBXTargetDependency section */
		F5EF1A66287B308B007F7ABD /* PBXTargetDependency */ = {
			isa = PBXTargetDependency;
			target = F5EF1A4D287B308A007F7ABD /* Quizzler */;
			targetProxy = F5EF1A65287B308B007F7ABD /* PBXContainerItemProxy */;
		};
		F5EF1A70287B308B007F7ABD /* PBXTargetDependency */ = {
			isa = PBXTargetDependency;
			target = F5EF1A4D287B308A007F7ABD /* Quizzler */;
			targetProxy = F5EF1A6F287B308B007F7ABD /* PBXContainerItemProxy */;
		};
/* End PBXTargetDependency section */

/* Begin PBXVariantGroup section */
		F5EF1A57287B308A007F7ABD /* Main.storyboard */ = {
			isa = PBXVariantGroup;
			children = (
				F5EF1A58287B308A007F7ABD /* Base */,
			);
			name = Main.storyboard;
			sourceTree = "<group>";
		};
		F5EF1A5C287B308B007F7ABD /* LaunchScreen.storyboard */ = {
			isa = PBXVariantGroup;
			children = (
				F5EF1A5D287B308B007F7ABD /* Base */,
			);
			name = LaunchScreen.storyboard;
			sourceTree = "<group>";
		};
/* End PBXVariantGroup section */

/* Begin XCBuildConfiguration section */
		F5EF1A76287B308B007F7ABD /* Debug */ = {
			isa = XCBuildConfiguration;
			buildSettings = {
				ALWAYS_SEARCH_USER_PATHS = NO;
				CLANG_ANALYZER_NONNULL = YES;
				CLANG_ANALYZER_NUMBER_OBJECT_CONVERSION = YES_AGGRESSIVE;
				CLANG_CXX_LANGUAGE_STANDARD = "gnu++17";
				CLANG_ENABLE_MODULES = YES;
				CLANG_ENABLE_OBJC_ARC = YES;
				CLANG_ENABLE_OBJC_WEAK = YES;
				CLANG_WARN_BLOCK_CAPTURE_AUTORELEASING = YES;
				CLANG_WARN_BOOL_CONVERSION = YES;
				CLANG_WARN_COMMA = YES;
				CLANG_WARN_CONSTANT_CONVERSION = YES;
				CLANG_WARN_DEPRECATED_OBJC_IMPLEMENTATIONS = YES;
				CLANG_WARN_DIRECT_OBJC_ISA_USAGE = YES_ERROR;
				CLANG_WARN_DOCUMENTATION_COMMENTS = YES;
				CLANG_WARN_EMPTY_BODY = YES;
				CLANG_WARN_ENUM_CONVERSION = YES;
				CLANG_WARN_INFINITE_RECURSION = YES;
				CLANG_WARN_INT_CONVERSION = YES;
				CLANG_WARN_NON_LITERAL_NULL_CONVERSION = YES;
				CLANG_WARN_OBJC_IMPLICIT_RETAIN_SELF = YES;
				CLANG_WARN_OBJC_LITERAL_CONVERSION = YES;
				CLANG_WARN_OBJC_ROOT_CLASS = YES_ERROR;
				CLANG_WARN_QUOTED_INCLUDE_IN_FRAMEWORK_HEADER = YES;
				CLANG_WARN_RANGE_LOOP_ANALYSIS = YES;
				CLANG_WARN_STRICT_PROTOTYPES = YES;
				CLANG_WARN_SUSPICIOUS_MOVE = YES;
				CLANG_WARN_UNGUARDED_AVAILABILITY = YES_AGGRESSIVE;
				CLANG_WARN_UNREACHABLE_CODE = YES;
				CLANG_WARN__DUPLICATE_METHOD_MATCH = YES;
				COPY_PHASE_STRIP = NO;
				DEBUG_INFORMATION_FORMAT = dwarf;
				ENABLE_STRICT_OBJC_MSGSEND = YES;
				ENABLE_TESTABILITY = YES;
				GCC_C_LANGUAGE_STANDARD = gnu11;
				GCC_DYNAMIC_NO_PIC = NO;
				GCC_NO_COMMON_BLOCKS = YES;
				GCC_OPTIMIZATION_LEVEL = 0;
				GCC_PREPROCESSOR_DEFINITIONS = (
					"DEBUG=1",
					"$(inherited)",
				);
				GCC_WARN_64_TO_32_BIT_CONVERSION = YES;
				GCC_WARN_ABOUT_RETURN_TYPE = YES_ERROR;
				GCC_WARN_UNDECLARED_SELECTOR = YES;
				GCC_WARN_UNINITIALIZED_AUTOS = YES_AGGRESSIVE;
				GCC_WARN_UNUSED_FUNCTION = YES;
				GCC_WARN_UNUSED_VARIABLE = YES;
				IPHONEOS_DEPLOYMENT_TARGET = 15.5;
				MTL_ENABLE_DEBUG_INFO = INCLUDE_SOURCE;
				MTL_FAST_MATH = YES;
				ONLY_ACTIVE_ARCH = YES;
				SDKROOT = iphoneos;
				SWIFT_ACTIVE_COMPILATION_CONDITIONS = DEBUG;
				SWIFT_OPTIMIZATION_LEVEL = "-Onone";
			};
			name = Debug;
		};
		F5EF1A77287B308B007F7ABD /* Release */ = {
			isa = XCBuildConfiguration;
			buildSettings = {
				ALWAYS_SEARCH_USER_PATHS = NO;
				CLANG_ANALYZER_NONNULL = YES;
				CLANG_ANALYZER_NUMBER_OBJECT_CONVERSION = YES_AGGRESSIVE;
				CLANG_CXX_LANGUAGE_STANDARD = "gnu++17";
				CLANG_ENABLE_MODULES = YES;
				CLANG_ENABLE_OBJC_ARC = YES;
				CLANG_ENABLE_OBJC_WEAK = YES;
				CLANG_WARN_BLOCK_CAPTURE_AUTORELEASING = YES;
				CLANG_WARN_BOOL_CONVERSION = YES;
				CLANG_WARN_COMMA = YES;
				CLANG_WARN_CONSTANT_CONVERSION = YES;
				CLANG_WARN_DEPRECATED_OBJC_IMPLEMENTATIONS = YES;
				CLANG_WARN_DIRECT_OBJC_ISA_USAGE = YES_ERROR;
				CLANG_WARN_DOCUMENTATION_COMMENTS = YES;
				CLANG_WARN_EMPTY_BODY = YES;
				CLANG_WARN_ENUM_CONVERSION = YES;
				CLANG_WARN_INFINITE_RECURSION = YES;
				CLANG_WARN_INT_CONVERSION = YES;
				CLANG_WARN_NON_LITERAL_NULL_CONVERSION = YES;
				CLANG_WARN_OBJC_IMPLICIT_RETAIN_SELF = YES;
				CLANG_WARN_OBJC_LITERAL_CONVERSION = YES;
				CLANG_WARN_OBJC_ROOT_CLASS = YES_ERROR;
				CLANG_WARN_QUOTED_INCLUDE_IN_FRAMEWORK_HEADER = YES;
				CLANG_WARN_RANGE_LOOP_ANALYSIS = YES;
				CLANG_WARN_STRICT_PROTOTYPES = YES;
				CLANG_WARN_SUSPICIOUS_MOVE = YES;
				CLANG_WARN_UNGUARDED_AVAILABILITY = YES_AGGRESSIVE;
				CLANG_WARN_UNREACHABLE_CODE = YES;
				CLANG_WARN__DUPLICATE_METHOD_MATCH = YES;
				COPY_PHASE_STRIP = NO;
				DEBUG_INFORMATION_FORMAT = "dwarf-with-dsym";
				ENABLE_NS_ASSERTIONS = NO;
				ENABLE_STRICT_OBJC_MSGSEND = YES;
				GCC_C_LANGUAGE_STANDARD = gnu11;
				GCC_NO_COMMON_BLOCKS = YES;
				GCC_WARN_64_TO_32_BIT_CONVERSION = YES;
				GCC_WARN_ABOUT_RETURN_TYPE = YES_ERROR;
				GCC_WARN_UNDECLARED_SELECTOR = YES;
				GCC_WARN_UNINITIALIZED_AUTOS = YES_AGGRESSIVE;
				GCC_WARN_UNUSED_FUNCTION = YES;
				GCC_WARN_UNUSED_VARIABLE = YES;
				IPHONEOS_DEPLOYMENT_TARGET = 15.5;
				MTL_ENABLE_DEBUG_INFO = NO;
				MTL_FAST_MATH = YES;
				SDKROOT = iphoneos;
				SWIFT_COMPILATION_MODE = wholemodule;
				SWIFT_OPTIMIZATION_LEVEL = "-O";
				VALIDATE_PRODUCT = YES;
			};
			name = Release;
		};
		F5EF1A79287B308B007F7ABD /* Debug */ = {
			isa = XCBuildConfiguration;
			buildSettings = {
				ASSETCATALOG_COMPILER_APPICON_NAME = AppIcon;
				ASSETCATALOG_COMPILER_GLOBAL_ACCENT_COLOR_NAME = AccentColor;
				CODE_SIGN_STYLE = Automatic;
				CURRENT_PROJECT_VERSION = 1;
				DEVELOPMENT_TEAM = A782SXFP6X;
				GENERATE_INFOPLIST_FILE = YES;
				INFOPLIST_FILE = Quizzler/Info.plist;
				INFOPLIST_KEY_UIApplicationSupportsIndirectInputEvents = YES;
				INFOPLIST_KEY_UILaunchStoryboardName = LaunchScreen;
				INFOPLIST_KEY_UIMainStoryboardFile = Main;
				INFOPLIST_KEY_UISupportedInterfaceOrientations_iPad = "UIInterfaceOrientationPortrait UIInterfaceOrientationPortraitUpsideDown UIInterfaceOrientationLandscapeLeft UIInterfaceOrientationLandscapeRight";
				INFOPLIST_KEY_UISupportedInterfaceOrientations_iPhone = "UIInterfaceOrientationPortrait UIInterfaceOrientationLandscapeLeft UIInterfaceOrientationLandscapeRight";
				LD_RUNPATH_SEARCH_PATHS = (
					"$(inherited)",
					"@executable_path/Frameworks",
				);
				MARKETING_VERSION = 1.0;
				PRODUCT_BUNDLE_IDENTIFIER = com.nkonsta.Quizzler;
				PRODUCT_NAME = "$(TARGET_NAME)";
				SWIFT_EMIT_LOC_STRINGS = YES;
				SWIFT_VERSION = 5.0;
				TARGETED_DEVICE_FAMILY = "1,2";
			};
			name = Debug;
		};
		F5EF1A7A287B308B007F7ABD /* Release */ = {
			isa = XCBuildConfiguration;
			buildSettings = {
				ASSETCATALOG_COMPILER_APPICON_NAME = AppIcon;
				ASSETCATALOG_COMPILER_GLOBAL_ACCENT_COLOR_NAME = AccentColor;
				CODE_SIGN_STYLE = Automatic;
				CURRENT_PROJECT_VERSION = 1;
				DEVELOPMENT_TEAM = A782SXFP6X;
				GENERATE_INFOPLIST_FILE = YES;
				INFOPLIST_FILE = Quizzler/Info.plist;
				INFOPLIST_KEY_UIApplicationSupportsIndirectInputEvents = YES;
				INFOPLIST_KEY_UILaunchStoryboardName = LaunchScreen;
				INFOPLIST_KEY_UIMainStoryboardFile = Main;
				INFOPLIST_KEY_UISupportedInterfaceOrientations_iPad = "UIInterfaceOrientationPortrait UIInterfaceOrientationPortraitUpsideDown UIInterfaceOrientationLandscapeLeft UIInterfaceOrientationLandscapeRight";
				INFOPLIST_KEY_UISupportedInterfaceOrientations_iPhone = "UIInterfaceOrientationPortrait UIInterfaceOrientationLandscapeLeft UIInterfaceOrientationLandscapeRight";
				LD_RUNPATH_SEARCH_PATHS = (
					"$(inherited)",
					"@executable_path/Frameworks",
				);
				MARKETING_VERSION = 1.0;
				PRODUCT_BUNDLE_IDENTIFIER = com.nkonsta.Quizzler;
				PRODUCT_NAME = "$(TARGET_NAME)";
				SWIFT_EMIT_LOC_STRINGS = YES;
				SWIFT_VERSION = 5.0;
				TARGETED_DEVICE_FAMILY = "1,2";
			};
			name = Release;
		};
		F5EF1A7C287B308B007F7ABD /* Debug */ = {
			isa = XCBuildConfiguration;
			buildSettings = {
				ALWAYS_EMBED_SWIFT_STANDARD_LIBRARIES = YES;
				BUNDLE_LOADER = "$(TEST_HOST)";
				CODE_SIGN_STYLE = Automatic;
				CURRENT_PROJECT_VERSION = 1;
				DEVELOPMENT_TEAM = A782SXFP6X;
				GENERATE_INFOPLIST_FILE = YES;
				IPHONEOS_DEPLOYMENT_TARGET = 15.5;
				MARKETING_VERSION = 1.0;
				PRODUCT_BUNDLE_IDENTIFIER = com.nkonsta.QuizzlerTests;
				PRODUCT_NAME = "$(TARGET_NAME)";
				SWIFT_EMIT_LOC_STRINGS = NO;
				SWIFT_VERSION = 5.0;
				TARGETED_DEVICE_FAMILY = "1,2";
				TEST_HOST = "$(BUILT_PRODUCTS_DIR)/Quizzler.app/Quizzler";
			};
			name = Debug;
		};
		F5EF1A7D287B308B007F7ABD /* Release */ = {
			isa = XCBuildConfiguration;
			buildSettings = {
				ALWAYS_EMBED_SWIFT_STANDARD_LIBRARIES = YES;
				BUNDLE_LOADER = "$(TEST_HOST)";
				CODE_SIGN_STYLE = Automatic;
				CURRENT_PROJECT_VERSION = 1;
				DEVELOPMENT_TEAM = A782SXFP6X;
				GENERATE_INFOPLIST_FILE = YES;
				IPHONEOS_DEPLOYMENT_TARGET = 15.5;
				MARKETING_VERSION = 1.0;
				PRODUCT_BUNDLE_IDENTIFIER = com.nkonsta.QuizzlerTests;
				PRODUCT_NAME = "$(TARGET_NAME)";
				SWIFT_EMIT_LOC_STRINGS = NO;
				SWIFT_VERSION = 5.0;
				TARGETED_DEVICE_FAMILY = "1,2";
				TEST_HOST = "$(BUILT_PRODUCTS_DIR)/Quizzler.app/Quizzler";
			};
			name = Release;
		};
		F5EF1A7F287B308B007F7ABD /* Debug */ = {
			isa = XCBuildConfiguration;
			buildSettings = {
				ALWAYS_EMBED_SWIFT_STANDARD_LIBRARIES = YES;
				CODE_SIGN_STYLE = Automatic;
				CURRENT_PROJECT_VERSION = 1;
				DEVELOPMENT_TEAM = A782SXFP6X;
				GENERATE_INFOPLIST_FILE = YES;
				MARKETING_VERSION = 1.0;
				PRODUCT_BUNDLE_IDENTIFIER = com.nkonsta.QuizzlerUITests;
				PRODUCT_NAME = "$(TARGET_NAME)";
				SWIFT_EMIT_LOC_STRINGS = NO;
				SWIFT_VERSION = 5.0;
				TARGETED_DEVICE_FAMILY = "1,2";
				TEST_TARGET_NAME = Quizzler;
			};
			name = Debug;
		};
		F5EF1A80287B308B007F7ABD /* Release */ = {
			isa = XCBuildConfiguration;
			buildSettings = {
				ALWAYS_EMBED_SWIFT_STANDARD_LIBRARIES = YES;
				CODE_SIGN_STYLE = Automatic;
				CURRENT_PROJECT_VERSION = 1;
				DEVELOPMENT_TEAM = A782SXFP6X;
				GENERATE_INFOPLIST_FILE = YES;
				MARKETING_VERSION = 1.0;
				PRODUCT_BUNDLE_IDENTIFIER = com.nkonsta.QuizzlerUITests;
				PRODUCT_NAME = "$(TARGET_NAME)";
				SWIFT_EMIT_LOC_STRINGS = NO;
				SWIFT_VERSION = 5.0;
				TARGETED_DEVICE_FAMILY = "1,2";
				TEST_TARGET_NAME = Quizzler;
			};
			name = Release;
		};
/* End XCBuildConfiguration section */

/* Begin XCConfigurationList section */
		F5EF1A49287B308A007F7ABD /* Build configuration list for PBXProject "Quizzler" */ = {
			isa = XCConfigurationList;
			buildConfigurations = (
				F5EF1A76287B308B007F7ABD /* Debug */,
				F5EF1A77287B308B007F7ABD /* Release */,
			);
			defaultConfigurationIsVisible = 0;
			defaultConfigurationName = Release;
		};
		F5EF1A78287B308B007F7ABD /* Build configuration list for PBXNativeTarget "Quizzler" */ = {
			isa = XCConfigurationList;
			buildConfigurations = (
				F5EF1A79287B308B007F7ABD /* Debug */,
				F5EF1A7A287B308B007F7ABD /* Release */,
			);
			defaultConfigurationIsVisible = 0;
			defaultConfigurationName = Release;
		};
		F5EF1A7B287B308B007F7ABD /* Build configuration list for PBXNativeTarget "QuizzlerTests" */ = {
			isa = XCConfigurationList;
			buildConfigurations = (
				F5EF1A7C287B308B007F7ABD /* Debug */,
				F5EF1A7D287B308B007F7ABD /* Release */,
			);
			defaultConfigurationIsVisible = 0;
			defaultConfigurationName = Release;
		};
		F5EF1A7E287B308B007F7ABD /* Build configuration list for PBXNativeTarget "QuizzlerUITests" */ = {
			isa = XCConfigurationList;
			buildConfigurations = (
				F5EF1A7F287B308B007F7ABD /* Debug */,
				F5EF1A80287B308B007F7ABD /* Release */,
			);
			defaultConfigurationIsVisible = 0;
			defaultConfigurationName = Release;
		};
/* End XCConfigurationList section */
	};
	rootObject = F5EF1A46287B308A007F7ABD /* Project object */;
}
